
Microsoft Visual Studio Solution File, Format Version 12.00
Project("{FAE04EC0-301F-11D3-BF4B-00C04F79EFBC}") = "TfIdfCalculator", "src/TfIdfCalculator.csproj", "{91776298-5DF6-4F31-8499-2ACA63907806}"
EndProject
Global
	GlobalSection(SolutionConfigurationPlatforms) = preSolution
		Debug|Any CPU = Debug|Any CPU
		Release|Any CPU = Release|Any CPU
	EndGlobalSection
	GlobalSection(ProjectConfigurationPlatforms) = postSolution
		{91776298-5DF6-4F31-8499-2ACA63907806}.Debug|Any CPU.ActiveCfg = Debug|Any CPU
		{91776298-5DF6-4F31-8499-2ACA63907806}.Debug|Any CPU.Build.0 = Debug|Any CPU
		{91776298-5DF6-4F31-8499-2ACA63907806}.Release|Any CPU.ActiveCfg = Release|Any CPU
		{91776298-5DF6-4F31-8499-2ACA63907806}.Release|Any CPU.Build.0 = Release|Any CPU
	EndGlobalSection
EndGlobal
